
Microsoft Visual Studio Solution File, Format Version 12.00
# Visual Studio Version 17
VisualStudioVersion = 17.4.33213.308
MinimumVisualStudioVersion = 10.0.40219.1
Project("{9A19103F-16F7-4668-BE54-9A1E7A4F7556}") = "Core", "Core\Core.csproj", "{D7F18975-8007-411C-8B12-7BCBA12DE1A2}"
EndProject
Project("{9A19103F-16F7-4668-BE54-9A1E7A4F7556}") = "YandexDisk", "YandexDisk\YandexDisk.csproj", "{6F98B3F4-6CA5-4DC3-98B3-D72D95032EBB}"
EndProject
Project("{9A19103F-16F7-4668-BE54-9A1E7A4F7556}") = "GUI", "GUI\GUI.csproj", "{A126BF5A-7BDE-4807-B7B4-C8A12DB0E929}"
EndProject
Project("{2150E333-8FDC-42A3-9474-1A3956D46DE8}") = "Solution Items", "Solution Items", "{2069A097-CCA4-4C33-BE52-84094E8BD609}"
	ProjectSection(SolutionItems) = preProject
		.editorconfig = .editorconfig
	EndProjectSection
EndProject
Project("{FAE04EC0-301F-11D3-BF4B-00C04F79EFBC}") = "CryptoTest", "CryptoTest\CryptoTest.csproj", "{0CB023D6-AE47-442E-9370-3FAA1CB14309}"
EndProject
Global
	GlobalSection(SolutionConfigurationPlatforms) = preSolution
		Debug|Any CPU = Debug|Any CPU
		Release|Any CPU = Release|Any CPU
	EndGlobalSection
	GlobalSection(ProjectConfigurationPlatforms) = postSolution
		{D7F18975-8007-411C-8B12-7BCBA12DE1A2}.Debug|Any CPU.ActiveCfg = Debug|Any CPU
		{D7F18975-8007-411C-8B12-7BCBA12DE1A2}.Debug|Any CPU.Build.0 = Debug|Any CPU
		{D7F18975-8007-411C-8B12-7BCBA12DE1A2}.Release|Any CPU.ActiveCfg = Release|Any CPU
		{D7F18975-8007-411C-8B12-7BCBA12DE1A2}.Release|Any CPU.Build.0 = Release|Any CPU
		{6F98B3F4-6CA5-4DC3-98B3-D72D95032EBB}.Debug|Any CPU.ActiveCfg = Debug|Any CPU
		{6F98B3F4-6CA5-4DC3-98B3-D72D95032EBB}.Debug|Any CPU.Build.0 = Debug|Any CPU
		{6F98B3F4-6CA5-4DC3-98B3-D72D95032EBB}.Release|Any CPU.ActiveCfg = Release|Any CPU
		{6F98B3F4-6CA5-4DC3-98B3-D72D95032EBB}.Release|Any CPU.Build.0 = Release|Any CPU
		{A126BF5A-7BDE-4807-B7B4-C8A12DB0E929}.Debug|Any CPU.ActiveCfg = Debug|Any CPU
		{A126BF5A-7BDE-4807-B7B4-C8A12DB0E929}.Debug|Any CPU.Build.0 = Debug|Any CPU
		{A126BF5A-7BDE-4807-B7B4-C8A12DB0E929}.Release|Any CPU.ActiveCfg = Release|Any CPU
		{A126BF5A-7BDE-4807-B7B4-C8A12DB0E929}.Release|Any CPU.Build.0 = Release|Any CPU
		{0CB023D6-AE47-442E-9370-3FAA1CB14309}.Debug|Any CPU.ActiveCfg = Debug|Any CPU
		{0CB023D6-AE47-442E-9370-3FAA1CB14309}.Debug|Any CPU.Build.0 = Debug|Any CPU
		{0CB023D6-AE47-442E-9370-3FAA1CB14309}.Release|Any CPU.ActiveCfg = Release|Any CPU
		{0CB023D6-AE47-442E-9370-3FAA1CB14309}.Release|Any CPU.Build.0 = Release|Any CPU
	EndGlobalSection
	GlobalSection(SolutionProperties) = preSolution
		HideSolutionNode = FALSE
	EndGlobalSection
	GlobalSection(ExtensibilityGlobals) = postSolution
		SolutionGuid = {684433A1-F72F-40B5-8F4F-8409841AB063}
	EndGlobalSection
EndGlobal
